
Microsoft Visual Studio Solution File, Format Version 12.00
# Visual Studio Version 17
VisualStudioVersion = 17.3.32825.248
MinimumVisualStudioVersion = 10.0.40219.1
Project("{FAE04EC0-301F-11D3-BF4B-00C04F79EFBC}") = "07.02.23_HW", "07.02.23_HW\07.02.23_HW.csproj", "{13C80478-7821-49D9-B74E-804B19F0B6CF}"
EndProject
Global
	GlobalSection(SolutionConfigurationPlatforms) = preSolution
		Debug|Any CPU = Debug|Any CPU
		Release|Any CPU = Release|Any CPU
	EndGlobalSection
	GlobalSection(ProjectConfigurationPlatforms) = postSolution
		{13C80478-7821-49D9-B74E-804B19F0B6CF}.Debug|Any CPU.ActiveCfg = Debug|Any CPU
		{13C80478-7821-49D9-B74E-804B19F0B6CF}.Debug|Any CPU.Build.0 = Debug|Any CPU
		{13C80478-7821-49D9-B74E-804B19F0B6CF}.Release|Any CPU.ActiveCfg = Release|Any CPU
		{13C80478-7821-49D9-B74E-804B19F0B6CF}.Release|Any CPU.Build.0 = Release|Any CPU
	EndGlobalSection
	GlobalSection(SolutionProperties) = preSolution
		HideSolutionNode = FALSE
	EndGlobalSection
	GlobalSection(ExtensibilityGlobals) = postSolution
		SolutionGuid = {B63A4796-FBE5-495F-BC29-020E695C7448}
	EndGlobalSection
EndGlobal
